
Microsoft Visual Studio Solution File, Format Version 12.00
# Visual Studio Version 16
VisualStudioVersion = 16.0.29613.14
MinimumVisualStudioVersion = 10.0.40219.1
Project("{FAE04EC0-301F-11D3-BF4B-00C04F79EFBC}") = "EmployeeDataAccess", "EmployeeDataAccess\EmployeeDataAccess.csproj", "{F7E59841-A421-4D35-838F-ECEC4C62A3F5}"
EndProject
Project("{FAE04EC0-301F-11D3-BF4B-00C04F79EFBC}") = "EmployeeApp", "EmployeeApp\EmployeeApp.csproj", "{47C9CC66-1D22-438E-82C3-AF362D1224D8}"
EndProject
Global
	GlobalSection(SolutionConfigurationPlatforms) = preSolution
		Debug|Any CPU = Debug|Any CPU
		Release|Any CPU = Release|Any CPU
	EndGlobalSection
	GlobalSection(ProjectConfigurationPlatforms) = postSolution
		{F7E59841-A421-4D35-838F-ECEC4C62A3F5}.Debug|Any CPU.ActiveCfg = Debug|Any CPU
		{F7E59841-A421-4D35-838F-ECEC4C62A3F5}.Debug|Any CPU.Build.0 = Debug|Any CPU
		{F7E59841-A421-4D35-838F-ECEC4C62A3F5}.Release|Any CPU.ActiveCfg = Release|Any CPU
		{F7E59841-A421-4D35-838F-ECEC4C62A3F5}.Release|Any CPU.Build.0 = Release|Any CPU
		{47C9CC66-1D22-438E-82C3-AF362D1224D8}.Debug|Any CPU.ActiveCfg = Debug|Any CPU
		{47C9CC66-1D22-438E-82C3-AF362D1224D8}.Debug|Any CPU.Build.0 = Debug|Any CPU
		{47C9CC66-1D22-438E-82C3-AF362D1224D8}.Release|Any CPU.ActiveCfg = Release|Any CPU
		{47C9CC66-1D22-438E-82C3-AF362D1224D8}.Release|Any CPU.Build.0 = Release|Any CPU
	EndGlobalSection
	GlobalSection(SolutionProperties) = preSolution
		HideSolutionNode = FALSE
	EndGlobalSection
	GlobalSection(ExtensibilityGlobals) = postSolution
		SolutionGuid = {DE1A03FF-346E-4B49-AB61-7A6AF8A2FC1B}
	EndGlobalSection
EndGlobal
